# Generated by setup_dev_environment.sh; do not edit by hand.
# component	version	checksum
chezmoi	2.72.0	-
claude-code	2.1.233	sha512:WS0ZSsNu2zkQonC+rW7HdByMCkPQ2l+hO1G0LdvWTj40kiYr0qAiSJjCBNRIbi0foBol4IFTCKwLHAN83qxxUQ==
codex	0.147.0	sha512:EQLEXecAG2ptxI7UpBMo2TR/ga5596/c/OsYF/0LoUDh5JANZ7IoGqlzBEWbuEVQ76JePIbtTW/ihCkp1a7Z3w==
detect-secrets	v1.5.0	-
gh	2.97.0	-
gitleaks	8.30.1	sha256:551f6fc83ea457d62a0d98237cbad105af8d557003051f41f3e7ca7b3f2470eb
huggingface-hub	v1.27.0	-
llvm	22	-
node	v24.19.0	-
nvim	0.12.4	sha256:012bf3fcac5ade43914df3f174668bf64d05e049a4f032a388c027b1ebd78628
nvm	v0.40.6	sha256:17302cad7feedb1ad33ba738f93d2176a90970724f22de119603624fcbdec1a2
pre-commit	v4.6.2	-
trufflehog	3.97.0	sha256:62224de2f9dd7cd418800feb953760a302ed2f82a7c547fe1146a4874fb179e4
uv	0.12.5	sha256:68a509da24b06b4223a1c0175fb5eb5bc79342b76cbeff0cfe51ac3f5b17b6b2
